
Microsoft Visual Studio Solution File, Format Version 12.00
# Visual Studio Version 16
VisualStudioVersion = 16.0.33801.447
MinimumVisualStudioVersion = 10.0.40219.1
Project("{8BC9CEB8-8B4A-11D0-8D11-00A0C91BC942}") = "2024", "2024\2024.vcxproj", "{3765EA97-0692-451C-9CE0-56960C331F2F}"
EndProject
Project("{8BC9CEB8-8B4A-11D0-8D11-00A0C91BC942}") = "Sub", "Sub\Sub.vcxproj", "{3FDE4BA0-3630-4252-9AD7-DDDDC271FC13}"
EndProject
Project("{8BC9CEB8-8B4A-11D0-8D11-00A0C91BC942}") = "discretization", "algorithm_test\discretization\discretization\discretization.vcxproj", "{ECE49DDB-E0C6-408F-8826-11DE7E5310D4}"
EndProject
Project("{2150E333-8FDC-42A3-9474-1A3956D46DE8}") = "contest", "contest", "{1D948517-1264-4618-9136-71518BCC2F3D}"
EndProject
Project("{8BC9CEB8-8B4A-11D0-8D11-00A0C91BC942}") = "DP", "algorithm_test\DP\DP.vcxproj", "{A0462342-B109-47DE-821A-7DB6EC58E840}"
EndProject
Project("{2150E333-8FDC-42A3-9474-1A3956D46DE8}") = "algorithm", "algorithm", "{6FFBB9A3-2C13-442B-9573-B3CC98E17E1F}"
EndProject
Project("{8BC9CEB8-8B4A-11D0-8D11-00A0C91BC942}") = "basic", "algorithm_test\basic\Project1\Project1.vcxproj", "{0D87DBF7-2ECD-44DD-84CB-FD35AFC8A749}"
EndProject
Project("{8BC9CEB8-8B4A-11D0-8D11-00A0C91BC942}") = "PrefixAdd", "algorithm_test\PrefixAdd\PrefixAdd\PrefixAdd.vcxproj", "{35D0C9B0-1DEB-4FFB-8BF7-5BEF82F9A555}"
EndProject
Project("{8BC9CEB8-8B4A-11D0-8D11-00A0C91BC942}") = "search", "algorithm_test\search\Project1\search.vcxproj", "{C9440776-C55E-454F-A3FD-21F811B46787}"
EndProject
Project("{8BC9CEB8-8B4A-11D0-8D11-00A0C91BC942}") = "Sort", "algorithm_test\Sort\Sort\Sort.vcxproj", "{92E6CE58-D7AE-4738-8C7B-4CBBE85327AF}"
EndProject
Project("{8BC9CEB8-8B4A-11D0-8D11-00A0C91BC942}") = "undefine", "algorithm_test\undefine\Project1\Project1\undefine.vcxproj", "{013982EA-410A-438B-9EDD-93F94A6AAE92}"
EndProject
Project("{8BC9CEB8-8B4A-11D0-8D11-00A0C91BC942}") = "Math", "algorithm_test\Math\Math.vcxproj", "{EE9D34F4-D5CA-40A8-B272-A9FC4A1F89F0}"
EndProject
Project("{8BC9CEB8-8B4A-11D0-8D11-00A0C91BC942}") = "Graph", "algorithm_test\Graph\Project1\Project1\Graph.vcxproj", "{C653D550-9EF8-4AA9-B114-1AD7F453F8F6}"
EndProject
Project("{8BC9CEB8-8B4A-11D0-8D11-00A0C91BC942}") = "Struct", "algorithm_test\struct\Struct\Struct.vcxproj", "{3CDBFFAB-AB4B-4723-9BE0-300413F2D184}"
EndProject
Project("{8BC9CEB8-8B4A-11D0-8D11-00A0C91BC942}") = "String", "String\String.vcxproj", "{E29903CE-B74A-4993-8253-8DA40CE0374A}"
EndProject
Global
	GlobalSection(SolutionConfigurationPlatforms) = preSolution
		Debug|x64 = Debug|x64
		Debug|x86 = Debug|x86
		Release|x64 = Release|x64
		Release|x86 = Release|x86
	EndGlobalSection
	GlobalSection(ProjectConfigurationPlatforms) = postSolution
		{3765EA97-0692-451C-9CE0-56960C331F2F}.Debug|x64.ActiveCfg = Debug|x64
		{3765EA97-0692-451C-9CE0-56960C331F2F}.Debug|x64.Build.0 = Debug|x64
		{3765EA97-0692-451C-9CE0-56960C331F2F}.Debug|x86.ActiveCfg = Debug|Win32
		{3765EA97-0692-451C-9CE0-56960C331F2F}.Debug|x86.Build.0 = Debug|Win32
		{3765EA97-0692-451C-9CE0-56960C331F2F}.Release|x64.ActiveCfg = Release|x64
		{3765EA97-0692-451C-9CE0-56960C331F2F}.Release|x64.Build.0 = Release|x64
		{3765EA97-0692-451C-9CE0-56960C331F2F}.Release|x86.ActiveCfg = Release|Win32
		{3765EA97-0692-451C-9CE0-56960C331F2F}.Release|x86.Build.0 = Release|Win32
		{3FDE4BA0-3630-4252-9AD7-DDDDC271FC13}.Debug|x64.ActiveCfg = Debug|x64
		{3FDE4BA0-3630-4252-9AD7-DDDDC271FC13}.Debug|x64.Build.0 = Debug|x64
		{3FDE4BA0-3630-4252-9AD7-DDDDC271FC13}.Debug|x86.ActiveCfg = Debug|Win32
		{3FDE4BA0-3630-4252-9AD7-DDDDC271FC13}.Debug|x86.Build.0 = Debug|Win32
		{3FDE4BA0-3630-4252-9AD7-DDDDC271FC13}.Release|x64.ActiveCfg = Release|x64
		{3FDE4BA0-3630-4252-9AD7-DDDDC271FC13}.Release|x64.Build.0 = Release|x64
		{3FDE4BA0-3630-4252-9AD7-DDDDC271FC13}.Release|x86.ActiveCfg = Release|Win32
		{3FDE4BA0-3630-4252-9AD7-DDDDC271FC13}.Release|x86.Build.0 = Release|Win32
		{ECE49DDB-E0C6-408F-8826-11DE7E5310D4}.Debug|x64.ActiveCfg = Debug|x64
		{ECE49DDB-E0C6-408F-8826-11DE7E5310D4}.Debug|x64.Build.0 = Debug|x64
		{ECE49DDB-E0C6-408F-8826-11DE7E5310D4}.Debug|x86.ActiveCfg = Debug|Win32
		{ECE49DDB-E0C6-408F-8826-11DE7E5310D4}.Debug|x86.Build.0 = Debug|Win32
		{ECE49DDB-E0C6-408F-8826-11DE7E5310D4}.Release|x64.ActiveCfg = Release|x64
		{ECE49DDB-E0C6-408F-8826-11DE7E5310D4}.Release|x64.Build.0 = Release|x64
		{ECE49DDB-E0C6-408F-8826-11DE7E5310D4}.Release|x86.ActiveCfg = Release|Win32
		{ECE49DDB-E0C6-408F-8826-11DE7E5310D4}.Release|x86.Build.0 = Release|Win32
		{A0462342-B109-47DE-821A-7DB6EC58E840}.Debug|x64.ActiveCfg = Debug|x64
		{A0462342-B109-47DE-821A-7DB6EC58E840}.Debug|x64.Build.0 = Debug|x64
		{A0462342-B109-47DE-821A-7DB6EC58E840}.Debug|x86.ActiveCfg = Debug|Win32
		{A0462342-B109-47DE-821A-7DB6EC58E840}.Debug|x86.Build.0 = Debug|Win32
		{A0462342-B109-47DE-821A-7DB6EC58E840}.Release|x64.ActiveCfg = Release|x64
		{A0462342-B109-47DE-821A-7DB6EC58E840}.Release|x64.Build.0 = Release|x64
		{A0462342-B109-47DE-821A-7DB6EC58E840}.Release|x86.ActiveCfg = Release|Win32
		{A0462342-B109-47DE-821A-7DB6EC58E840}.Release|x86.Build.0 = Release|Win32
		{0D87DBF7-2ECD-44DD-84CB-FD35AFC8A749}.Debug|x64.ActiveCfg = Debug|x64
		{0D87DBF7-2ECD-44DD-84CB-FD35AFC8A749}.Debug|x64.Build.0 = Debug|x64
		{0D87DBF7-2ECD-44DD-84CB-FD35AFC8A749}.Debug|x86.ActiveCfg = Debug|Win32
		{0D87DBF7-2ECD-44DD-84CB-FD35AFC8A749}.Debug|x86.Build.0 = Debug|Win32
		{0D87DBF7-2ECD-44DD-84CB-FD35AFC8A749}.Release|x64.ActiveCfg = Release|x64
		{0D87DBF7-2ECD-44DD-84CB-FD35AFC8A749}.Release|x64.Build.0 = Release|x64
		{0D87DBF7-2ECD-44DD-84CB-FD35AFC8A749}.Release|x86.ActiveCfg = Release|Win32
		{0D87DBF7-2ECD-44DD-84CB-FD35AFC8A749}.Release|x86.Build.0 = Release|Win32
		{35D0C9B0-1DEB-4FFB-8BF7-5BEF82F9A555}.Debug|x64.ActiveCfg = Debug|x64
		{35D0C9B0-1DEB-4FFB-8BF7-5BEF82F9A555}.Debug|x64.Build.0 = Debug|x64
		{35D0C9B0-1DEB-4FFB-8BF7-5BEF82F9A555}.Debug|x86.ActiveCfg = Debug|Win32
		{35D0C9B0-1DEB-4FFB-8BF7-5BEF82F9A555}.Debug|x86.Build.0 = Debug|Win32
		{35D0C9B0-1DEB-4FFB-8BF7-5BEF82F9A555}.Release|x64.ActiveCfg = Release|x64
		{35D0C9B0-1DEB-4FFB-8BF7-5BEF82F9A555}.Release|x64.Build.0 = Release|x64
		{35D0C9B0-1DEB-4FFB-8BF7-5BEF82F9A555}.Release|x86.ActiveCfg = Release|Win32
		{35D0C9B0-1DEB-4FFB-8BF7-5BEF82F9A555}.Release|x86.Build.0 = Release|Win32
		{C9440776-C55E-454F-A3FD-21F811B46787}.Debug|x64.ActiveCfg = Debug|x64
		{C9440776-C55E-454F-A3FD-21F811B46787}.Debug|x64.Build.0 = Debug|x64
		{C9440776-C55E-454F-A3FD-21F811B46787}.Debug|x86.ActiveCfg = Debug|Win32
		{C9440776-C55E-454F-A3FD-21F811B46787}.Debug|x86.Build.0 = Debug|Win32
		{C9440776-C55E-454F-A3FD-21F811B46787}.Release|x64.ActiveCfg = Release|x64
		{C9440776-C55E-454F-A3FD-21F811B46787}.Release|x64.Build.0 = Release|x64
		{C9440776-C55E-454F-A3FD-21F811B46787}.Release|x86.ActiveCfg = Release|Win32
		{C9440776-C55E-454F-A3FD-21F811B46787}.Release|x86.Build.0 = Release|Win32
		{92E6CE58-D7AE-4738-8C7B-4CBBE85327AF}.Debug|x64.ActiveCfg = Debug|x64
		{92E6CE58-D7AE-4738-8C7B-4CBBE85327AF}.Debug|x64.Build.0 = Debug|x64
		{92E6CE58-D7AE-4738-8C7B-4CBBE85327AF}.Debug|x86.ActiveCfg = Debug|Win32
		{92E6CE58-D7AE-4738-8C7B-4CBBE85327AF}.Debug|x86.Build.0 = Debug|Win32
		{92E6CE58-D7AE-4738-8C7B-4CBBE85327AF}.Release|x64.ActiveCfg = Release|x64
		{92E6CE58-D7AE-4738-8C7B-4CBBE85327AF}.Release|x64.Build.0 = Release|x64
		{92E6CE58-D7AE-4738-8C7B-4CBBE85327AF}.Release|x86.ActiveCfg = Release|Win32
		{92E6CE58-D7AE-4738-8C7B-4CBBE85327AF}.Release|x86.Build.0 = Release|Win32
		{013982EA-410A-438B-9EDD-93F94A6AAE92}.Debug|x64.ActiveCfg = Debug|x64
		{013982EA-410A-438B-9EDD-93F94A6AAE92}.Debug|x64.Build.0 = Debug|x64
		{013982EA-410A-438B-9EDD-93F94A6AAE92}.Debug|x86.ActiveCfg = Debug|Win32
		{013982EA-410A-438B-9EDD-93F94A6AAE92}.Debug|x86.Build.0 = Debug|Win32
		{013982EA-410A-438B-9EDD-93F94A6AAE92}.Release|x64.ActiveCfg = Release|x64
		{013982EA-410A-438B-9EDD-93F94A6AAE92}.Release|x64.Build.0 = Release|x64
		{013982EA-410A-438B-9EDD-93F94A6AAE92}.Release|x86.ActiveCfg = Release|Win32
		{013982EA-410A-438B-9EDD-93F94A6AAE92}.Release|x86.Build.0 = Release|Win32
		{EE9D34F4-D5CA-40A8-B272-A9FC4A1F89F0}.Debug|x64.ActiveCfg = Debug|x64
		{EE9D34F4-D5CA-40A8-B272-A9FC4A1F89F0}.Debug|x64.Build.0 = Debug|x64
		{EE9D34F4-D5CA-40A8-B272-A9FC4A1F89F0}.Debug|x86.ActiveCfg = Debug|Win32
		{EE9D34F4-D5CA-40A8-B272-A9FC4A1F89F0}.Debug|x86.Build.0 = Debug|Win32
		{EE9D34F4-D5CA-40A8-B272-A9FC4A1F89F0}.Release|x64.ActiveCfg = Release|x64
		{EE9D34F4-D5CA-40A8-B272-A9FC4A1F89F0}.Release|x64.Build.0 = Release|x64
		{EE9D34F4-D5CA-40A8-B272-A9FC4A1F89F0}.Release|x86.ActiveCfg = Release|Win32
		{EE9D34F4-D5CA-40A8-B272-A9FC4A1F89F0}.Release|x86.Build.0 = Release|Win32
		{C653D550-9EF8-4AA9-B114-1AD7F453F8F6}.Debug|x64.ActiveCfg = Debug|x64
		{C653D550-9EF8-4AA9-B114-1AD7F453F8F6}.Debug|x64.Build.0 = Debug|x64
		{C653D550-9EF8-4AA9-B114-1AD7F453F8F6}.Debug|x86.ActiveCfg = Debug|Win32
		{C653D550-9EF8-4AA9-B114-1AD7F453F8F6}.Debug|x86.Build.0 = Debug|Win32
		{C653D550-9EF8-4AA9-B114-1AD7F453F8F6}.Release|x64.ActiveCfg = Release|x64
		{C653D550-9EF8-4AA9-B114-1AD7F453F8F6}.Release|x64.Build.0 = Release|x64
		{C653D550-9EF8-4AA9-B114-1AD7F453F8F6}.Release|x86.ActiveCfg = Release|Win32
		{C653D550-9EF8-4AA9-B114-1AD7F453F8F6}.Release|x86.Build.0 = Release|Win32
		{3CDBFFAB-AB4B-4723-9BE0-300413F2D184}.Debug|x64.ActiveCfg = Debug|x64
		{3CDBFFAB-AB4B-4723-9BE0-300413F2D184}.Debug|x64.Build.0 = Debug|x64
		{3CDBFFAB-AB4B-4723-9BE0-300413F2D184}.Debug|x86.ActiveCfg = Debug|Win32
		{3CDBFFAB-AB4B-4723-9BE0-300413F2D184}.Debug|x86.Build.0 = Debug|Win32
		{3CDBFFAB-AB4B-4723-9BE0-300413F2D184}.Release|x64.ActiveCfg = Release|x64
		{3CDBFFAB-AB4B-4723-9BE0-300413F2D184}.Release|x64.Build.0 = Release|x64
		{3CDBFFAB-AB4B-4723-9BE0-300413F2D184}.Release|x86.ActiveCfg = Release|Win32
		{3CDBFFAB-AB4B-4723-9BE0-300413F2D184}.Release|x86.Build.0 = Release|Win32
		{E29903CE-B74A-4993-8253-8DA40CE0374A}.Debug|x64.ActiveCfg = Debug|x64
		{E29903CE-B74A-4993-8253-8DA40CE0374A}.Debug|x64.Build.0 = Debug|x64
		{E29903CE-B74A-4993-8253-8DA40CE0374A}.Debug|x86.ActiveCfg = Debug|Win32
		{E29903CE-B74A-4993-8253-8DA40CE0374A}.Debug|x86.Build.0 = Debug|Win32
		{E29903CE-B74A-4993-8253-8DA40CE0374A}.Release|x64.ActiveCfg = Release|x64
		{E29903CE-B74A-4993-8253-8DA40CE0374A}.Release|x64.Build.0 = Release|x64
		{E29903CE-B74A-4993-8253-8DA40CE0374A}.Release|x86.ActiveCfg = Release|Win32
		{E29903CE-B74A-4993-8253-8DA40CE0374A}.Release|x86.Build.0 = Release|Win32
	EndGlobalSection
	GlobalSection(SolutionProperties) = preSolution
		HideSolutionNode = FALSE
	EndGlobalSection
	GlobalSection(NestedProjects) = preSolution
		{3765EA97-0692-451C-9CE0-56960C331F2F} = {1D948517-1264-4618-9136-71518BCC2F3D}
		{3FDE4BA0-3630-4252-9AD7-DDDDC271FC13} = {1D948517-1264-4618-9136-71518BCC2F3D}
		{ECE49DDB-E0C6-408F-8826-11DE7E5310D4} = {6FFBB9A3-2C13-442B-9573-B3CC98E17E1F}
		{A0462342-B109-47DE-821A-7DB6EC58E840} = {6FFBB9A3-2C13-442B-9573-B3CC98E17E1F}
		{0D87DBF7-2ECD-44DD-84CB-FD35AFC8A749} = {6FFBB9A3-2C13-442B-9573-B3CC98E17E1F}
		{35D0C9B0-1DEB-4FFB-8BF7-5BEF82F9A555} = {6FFBB9A3-2C13-442B-9573-B3CC98E17E1F}
		{C9440776-C55E-454F-A3FD-21F811B46787} = {6FFBB9A3-2C13-442B-9573-B3CC98E17E1F}
		{92E6CE58-D7AE-4738-8C7B-4CBBE85327AF} = {6FFBB9A3-2C13-442B-9573-B3CC98E17E1F}
		{013982EA-410A-438B-9EDD-93F94A6AAE92} = {6FFBB9A3-2C13-442B-9573-B3CC98E17E1F}
		{EE9D34F4-D5CA-40A8-B272-A9FC4A1F89F0} = {6FFBB9A3-2C13-442B-9573-B3CC98E17E1F}
		{C653D550-9EF8-4AA9-B114-1AD7F453F8F6} = {6FFBB9A3-2C13-442B-9573-B3CC98E17E1F}
		{3CDBFFAB-AB4B-4723-9BE0-300413F2D184} = {6FFBB9A3-2C13-442B-9573-B3CC98E17E1F}
		{E29903CE-B74A-4993-8253-8DA40CE0374A} = {6FFBB9A3-2C13-442B-9573-B3CC98E17E1F}
	EndGlobalSection
	GlobalSection(ExtensibilityGlobals) = postSolution
		SolutionGuid = {5D97C1E3-62E4-4F08-9834-C633B1F70711}
	EndGlobalSection
EndGlobal
